
Microsoft Visual Studio Solution File, Format Version 12.00
# Visual Studio Version 16
VisualStudioVersion = 16.0.29215.179
MinimumVisualStudioVersion = 10.0.40219.1
Project("{FAE04EC0-301F-11D3-BF4B-00C04F79EFBC}") = "PIMM.UWP", "PIMM\PIMM.UWP\PIMM.UWP.csproj", "{6A879A0F-8DFB-4C77-99F7-4970CAA086A7}"
EndProject
Project("{FAE04EC0-301F-11D3-BF4B-00C04F79EFBC}") = "PIMM.Android", "PIMM\PIMM.Android\PIMM.Android.csproj", "{3A7198DD-1A71-427E-9048-7E3F0C7B4D57}"
EndProject
Project("{FAE04EC0-301F-11D3-BF4B-00C04F79EFBC}") = "PIMM.iOS", "PIMM\PIMM.iOS\PIMM.iOS.csproj", "{B88F9B23-78D2-4B18-A0A6-751EC7BAA571}"
EndProject
Project("{FAE04EC0-301F-11D3-BF4B-00C04F79EFBC}") = "PIMM", "PIMM\PIMM\PIMM.csproj", "{BCF29AD4-017A-4D88-94C2-A5A5A24D0E21}"
EndProject
Global
	GlobalSection(SolutionConfigurationPlatforms) = preSolution
		Debug|Any CPU = Debug|Any CPU
		Debug|ARM = Debug|ARM
		Debug|iPhone = Debug|iPhone
		Debug|iPhoneSimulator = Debug|iPhoneSimulator
		Debug|x64 = Debug|x64
		Debug|x86 = Debug|x86
		Release|Any CPU = Release|Any CPU
		Release|ARM = Release|ARM
		Release|iPhone = Release|iPhone
		Release|iPhoneSimulator = Release|iPhoneSimulator
		Release|x64 = Release|x64
		Release|x86 = Release|x86
	EndGlobalSection
	GlobalSection(ProjectConfigurationPlatforms) = postSolution
		{6A879A0F-8DFB-4C77-99F7-4970CAA086A7}.Debug|Any CPU.ActiveCfg = Debug|x86
		{6A879A0F-8DFB-4C77-99F7-4970CAA086A7}.Debug|Any CPU.Build.0 = Debug|x86
		{6A879A0F-8DFB-4C77-99F7-4970CAA086A7}.Debug|Any CPU.Deploy.0 = Debug|x86
		{6A879A0F-8DFB-4C77-99F7-4970CAA086A7}.Debug|ARM.ActiveCfg = Debug|ARM
		{6A879A0F-8DFB-4C77-99F7-4970CAA086A7}.Debug|ARM.Build.0 = Debug|ARM
		{6A879A0F-8DFB-4C77-99F7-4970CAA086A7}.Debug|ARM.Deploy.0 = Debug|ARM
		{6A879A0F-8DFB-4C77-99F7-4970CAA086A7}.Debug|iPhone.ActiveCfg = Debug|x86
		{6A879A0F-8DFB-4C77-99F7-4970CAA086A7}.Debug|iPhone.Build.0 = Debug|x86
		{6A879A0F-8DFB-4C77-99F7-4970CAA086A7}.Debug|iPhone.Deploy.0 = Debug|x86
		{6A879A0F-8DFB-4C77-99F7-4970CAA086A7}.Debug|iPhoneSimulator.ActiveCfg = Debug|x86
		{6A879A0F-8DFB-4C77-99F7-4970CAA086A7}.Debug|iPhoneSimulator.Build.0 = Debug|x86
		{6A879A0F-8DFB-4C77-99F7-4970CAA086A7}.Debug|iPhoneSimulator.Deploy.0 = Debug|x86
		{6A879A0F-8DFB-4C77-99F7-4970CAA086A7}.Debug|x64.ActiveCfg = Debug|x64
		{6A879A0F-8DFB-4C77-99F7-4970CAA086A7}.Debug|x64.Build.0 = Debug|x64
		{6A879A0F-8DFB-4C77-99F7-4970CAA086A7}.Debug|x64.Deploy.0 = Debug|x64
		{6A879A0F-8DFB-4C77-99F7-4970CAA086A7}.Debug|x86.ActiveCfg = Debug|x86
		{6A879A0F-8DFB-4C77-99F7-4970CAA086A7}.Debug|x86.Build.0 = Debug|x86
		{6A879A0F-8DFB-4C77-99F7-4970CAA086A7}.Debug|x86.Deploy.0 = Debug|x86
		{6A879A0F-8DFB-4C77-99F7-4970CAA086A7}.Release|Any CPU.ActiveCfg = Release|x86
		{6A879A0F-8DFB-4C77-99F7-4970CAA086A7}.Release|Any CPU.Build.0 = Release|x86
		{6A879A0F-8DFB-4C77-99F7-4970CAA086A7}.Release|Any CPU.Deploy.0 = Release|x86
		{6A879A0F-8DFB-4C77-99F7-4970CAA086A7}.Release|ARM.ActiveCfg = Release|ARM
		{6A879A0F-8DFB-4C77-99F7-4970CAA086A7}.Release|ARM.Build.0 = Release|ARM
		{6A879A0F-8DFB-4C77-99F7-4970CAA086A7}.Release|ARM.Deploy.0 = Release|ARM
		{6A879A0F-8DFB-4C77-99F7-4970CAA086A7}.Release|iPhone.ActiveCfg = Release|x86
		{6A879A0F-8DFB-4C77-99F7-4970CAA086A7}.Release|iPhone.Build.0 = Release|x86
		{6A879A0F-8DFB-4C77-99F7-4970CAA086A7}.Release|iPhone.Deploy.0 = Release|x86
		{6A879A0F-8DFB-4C77-99F7-4970CAA086A7}.Release|iPhoneSimulator.ActiveCfg = Release|x86
		{6A879A0F-8DFB-4C77-99F7-4970CAA086A7}.Release|iPhoneSimulator.Build.0 = Release|x86
		{6A879A0F-8DFB-4C77-99F7-4970CAA086A7}.Release|iPhoneSimulator.Deploy.0 = Release|x86
		{6A879A0F-8DFB-4C77-99F7-4970CAA086A7}.Release|x64.ActiveCfg = Release|x64
		{6A879A0F-8DFB-4C77-99F7-4970CAA086A7}.Release|x64.Build.0 = Release|x64
		{6A879A0F-8DFB-4C77-99F7-4970CAA086A7}.Release|x64.Deploy.0 = Release|x64
		{6A879A0F-8DFB-4C77-99F7-4970CAA086A7}.Release|x86.ActiveCfg = Release|x86
		{6A879A0F-8DFB-4C77-99F7-4970CAA086A7}.Release|x86.Build.0 = Release|x86
		{6A879A0F-8DFB-4C77-99F7-4970CAA086A7}.Release|x86.Deploy.0 = Release|x86
		{3A7198DD-1A71-427E-9048-7E3F0C7B4D57}.Debug|Any CPU.ActiveCfg = Debug|Any CPU
		{3A7198DD-1A71-427E-9048-7E3F0C7B4D57}.Debug|Any CPU.Build.0 = Debug|Any CPU
		{3A7198DD-1A71-427E-9048-7E3F0C7B4D57}.Debug|Any CPU.Deploy.0 = Debug|Any CPU
		{3A7198DD-1A71-427E-9048-7E3F0C7B4D57}.Debug|ARM.ActiveCfg = Debug|Any CPU
		{3A7198DD-1A71-427E-9048-7E3F0C7B4D57}.Debug|ARM.Build.0 = Debug|Any CPU
		{3A7198DD-1A71-427E-9048-7E3F0C7B4D57}.Debug|ARM.Deploy.0 = Debug|Any CPU
		{3A7198DD-1A71-427E-9048-7E3F0C7B4D57}.Debug|iPhone.ActiveCfg = Debug|Any CPU
		{3A7198DD-1A71-427E-9048-7E3F0C7B4D57}.Debug|iPhone.Build.0 = Debug|Any CPU
		{3A7198DD-1A71-427E-9048-7E3F0C7B4D57}.Debug|iPhone.Deploy.0 = Debug|Any CPU
		{3A7198DD-1A71-427E-9048-7E3F0C7B4D57}.Debug|iPhoneSimulator.ActiveCfg = Debug|Any CPU
		{3A7198DD-1A71-427E-9048-7E3F0C7B4D57}.Debug|iPhoneSimulator.Build.0 = Debug|Any CPU
		{3A7198DD-1A71-427E-9048-7E3F0C7B4D57}.Debug|iPhoneSimulator.Deploy.0 = Debug|Any CPU
		{3A7198DD-1A71-427E-9048-7E3F0C7B4D57}.Debug|x64.ActiveCfg = Debug|Any CPU
		{3A7198DD-1A71-427E-9048-7E3F0C7B4D57}.Debug|x64.Build.0 = Debug|Any CPU
		{3A7198DD-1A71-427E-9048-7E3F0C7B4D57}.Debug|x64.Deploy.0 = Debug|Any CPU
		{3A7198DD-1A71-427E-9048-7E3F0C7B4D57}.Debug|x86.ActiveCfg = Debug|Any CPU
		{3A7198DD-1A71-427E-9048-7E3F0C7B4D57}.Debug|x86.Build.0 = Debug|Any CPU
		{3A7198DD-1A71-427E-9048-7E3F0C7B4D57}.Debug|x86.Deploy.0 = Debug|Any CPU
		{3A7198DD-1A71-427E-9048-7E3F0C7B4D57}.Release|Any CPU.ActiveCfg = Release|Any CPU
		{3A7198DD-1A71-427E-9048-7E3F0C7B4D57}.Release|Any CPU.Build.0 = Release|Any CPU
		{3A7198DD-1A71-427E-9048-7E3F0C7B4D57}.Release|Any CPU.Deploy.0 = Release|Any CPU
		{3A7198DD-1A71-427E-9048-7E3F0C7B4D57}.Release|ARM.ActiveCfg = Release|Any CPU
		{3A7198DD-1A71-427E-9048-7E3F0C7B4D57}.Release|ARM.Build.0 = Release|Any CPU
		{3A7198DD-1A71-427E-9048-7E3F0C7B4D57}.Release|ARM.Deploy.0 = Release|Any CPU
		{3A7198DD-1A71-427E-9048-7E3F0C7B4D57}.Release|iPhone.ActiveCfg = Release|Any CPU
		{3A7198DD-1A71-427E-9048-7E3F0C7B4D57}.Release|iPhone.Build.0 = Release|Any CPU
		{3A7198DD-1A71-427E-9048-7E3F0C7B4D57}.Release|iPhone.Deploy.0 = Release|Any CPU
		{3A7198DD-1A71-427E-9048-7E3F0C7B4D57}.Release|iPhoneSimulator.ActiveCfg = Release|Any CPU
		{3A7198DD-1A71-427E-9048-7E3F0C7B4D57}.Release|iPhoneSimulator.Build.0 = Release|Any CPU
		{3A7198DD-1A71-427E-9048-7E3F0C7B4D57}.Release|iPhoneSimulator.Deploy.0 = Release|Any CPU
		{3A7198DD-1A71-427E-9048-7E3F0C7B4D57}.Release|x64.ActiveCfg = Release|Any CPU
		{3A7198DD-1A71-427E-9048-7E3F0C7B4D57}.Release|x64.Build.0 = Release|Any CPU
		{3A7198DD-1A71-427E-9048-7E3F0C7B4D57}.Release|x64.Deploy.0 = Release|Any CPU
		{3A7198DD-1A71-427E-9048-7E3F0C7B4D57}.Release|x86.ActiveCfg = Release|Any CPU
		{3A7198DD-1A71-427E-9048-7E3F0C7B4D57}.Release|x86.Build.0 = Release|Any CPU
		{3A7198DD-1A71-427E-9048-7E3F0C7B4D57}.Release|x86.Deploy.0 = Release|Any CPU
		{B88F9B23-78D2-4B18-A0A6-751EC7BAA571}.Debug|Any CPU.ActiveCfg = Debug|iPhone
		{B88F9B23-78D2-4B18-A0A6-751EC7BAA571}.Debug|Any CPU.Build.0 = Debug|iPhone
		{B88F9B23-78D2-4B18-A0A6-751EC7BAA571}.Debug|Any CPU.Deploy.0 = Debug|iPhone
		{B88F9B23-78D2-4B18-A0A6-751EC7BAA571}.Debug|ARM.ActiveCfg = Debug|iPhoneSimulator
		{B88F9B23-78D2-4B18-A0A6-751EC7BAA571}.Debug|ARM.Build.0 = Debug|iPhoneSimulator
		{B88F9B23-78D2-4B18-A0A6-751EC7BAA571}.Debug|ARM.Deploy.0 = Debug|iPhoneSimulator
		{B88F9B23-78D2-4B18-A0A6-751EC7BAA571}.Debug|iPhone.ActiveCfg = Debug|iPhone
		{B88F9B23-78D2-4B18-A0A6-751EC7BAA571}.Debug|iPhone.Build.0 = Debug|iPhone
		{B88F9B23-78D2-4B18-A0A6-751EC7BAA571}.Debug|iPhone.Deploy.0 = Debug|iPhone
		{B88F9B23-78D2-4B18-A0A6-751EC7BAA571}.Debug|iPhoneSimulator.ActiveCfg = Debug|iPhoneSimulator
		{B88F9B23-78D2-4B18-A0A6-751EC7BAA571}.Debug|iPhoneSimulator.Build.0 = Debug|iPhoneSimulator
		{B88F9B23-78D2-4B18-A0A6-751EC7BAA571}.Debug|iPhoneSimulator.Deploy.0 = Debug|iPhoneSimulator
		{B88F9B23-78D2-4B18-A0A6-751EC7BAA571}.Debug|x64.ActiveCfg = Debug|iPhone
		{B88F9B23-78D2-4B18-A0A6-751EC7BAA571}.Debug|x64.Build.0 = Debug|iPhone
		{B88F9B23-78D2-4B18-A0A6-751EC7BAA571}.Debug|x64.Deploy.0 = Debug|iPhone
		{B88F9B23-78D2-4B18-A0A6-751EC7BAA571}.Debug|x86.ActiveCfg = Debug|iPhone
		{B88F9B23-78D2-4B18-A0A6-751EC7BAA571}.Debug|x86.Build.0 = Debug|iPhone
		{B88F9B23-78D2-4B18-A0A6-751EC7BAA571}.Debug|x86.Deploy.0 = Debug|iPhone
		{B88F9B23-78D2-4B18-A0A6-751EC7BAA571}.Release|Any CPU.ActiveCfg = Release|iPhone
		{B88F9B23-78D2-4B18-A0A6-751EC7BAA571}.Release|Any CPU.Build.0 = Release|iPhone
		{B88F9B23-78D2-4B18-A0A6-751EC7BAA571}.Release|Any CPU.Deploy.0 = Release|iPhone
		{B88F9B23-78D2-4B18-A0A6-751EC7BAA571}.Release|ARM.ActiveCfg = Release|iPhone
		{B88F9B23-78D2-4B18-A0A6-751EC7BAA571}.Release|ARM.Build.0 = Release|iPhone
		{B88F9B23-78D2-4B18-A0A6-751EC7BAA571}.Release|ARM.Deploy.0 = Release|iPhone
		{B88F9B23-78D2-4B18-A0A6-751EC7BAA571}.Release|iPhone.ActiveCfg = Release|iPhone
		{B88F9B23-78D2-4B18-A0A6-751EC7BAA571}.Release|iPhone.Build.0 = Release|iPhone
		{B88F9B23-78D2-4B18-A0A6-751EC7BAA571}.Release|iPhone.Deploy.0 = Release|iPhone
		{B88F9B23-78D2-4B18-A0A6-751EC7BAA571}.Release|iPhoneSimulator.ActiveCfg = Release|iPhoneSimulator
		{B88F9B23-78D2-4B18-A0A6-751EC7BAA571}.Release|iPhoneSimulator.Build.0 = Release|iPhoneSimulator
		{B88F9B23-78D2-4B18-A0A6-751EC7BAA571}.Release|iPhoneSimulator.Deploy.0 = Release|iPhoneSimulator
		{B88F9B23-78D2-4B18-A0A6-751EC7BAA571}.Release|x64.ActiveCfg = Release|iPhone
		{B88F9B23-78D2-4B18-A0A6-751EC7BAA571}.Release|x64.Build.0 = Release|iPhone
		{B88F9B23-78D2-4B18-A0A6-751EC7BAA571}.Release|x64.Deploy.0 = Release|iPhone
		{B88F9B23-78D2-4B18-A0A6-751EC7BAA571}.Release|x86.ActiveCfg = Release|iPhone
		{B88F9B23-78D2-4B18-A0A6-751EC7BAA571}.Release|x86.Build.0 = Release|iPhone
		{B88F9B23-78D2-4B18-A0A6-751EC7BAA571}.Release|x86.Deploy.0 = Release|iPhone
		{BCF29AD4-017A-4D88-94C2-A5A5A24D0E21}.Debug|Any CPU.ActiveCfg = Debug|Any CPU
		{BCF29AD4-017A-4D88-94C2-A5A5A24D0E21}.Debug|Any CPU.Build.0 = Debug|Any CPU
		{BCF29AD4-017A-4D88-94C2-A5A5A24D0E21}.Debug|Any CPU.Deploy.0 = Debug|Any CPU
		{BCF29AD4-017A-4D88-94C2-A5A5A24D0E21}.Debug|ARM.ActiveCfg = Debug|Any CPU
		{BCF29AD4-017A-4D88-94C2-A5A5A24D0E21}.Debug|ARM.Build.0 = Debug|Any CPU
		{BCF29AD4-017A-4D88-94C2-A5A5A24D0E21}.Debug|ARM.Deploy.0 = Debug|Any CPU
		{BCF29AD4-017A-4D88-94C2-A5A5A24D0E21}.Debug|iPhone.ActiveCfg = Debug|Any CPU
		{BCF29AD4-017A-4D88-94C2-A5A5A24D0E21}.Debug|iPhone.Build.0 = Debug|Any CPU
		{BCF29AD4-017A-4D88-94C2-A5A5A24D0E21}.Debug|iPhone.Deploy.0 = Debug|Any CPU
		{BCF29AD4-017A-4D88-94C2-A5A5A24D0E21}.Debug|iPhoneSimulator.ActiveCfg = Debug|Any CPU
		{BCF29AD4-017A-4D88-94C2-A5A5A24D0E21}.Debug|iPhoneSimulator.Build.0 = Debug|Any CPU
		{BCF29AD4-017A-4D88-94C2-A5A5A24D0E21}.Debug|iPhoneSimulator.Deploy.0 = Debug|Any CPU
		{BCF29AD4-017A-4D88-94C2-A5A5A24D0E21}.Debug|x64.ActiveCfg = Debug|Any CPU
		{BCF29AD4-017A-4D88-94C2-A5A5A24D0E21}.Debug|x64.Build.0 = Debug|Any CPU
		{BCF29AD4-017A-4D88-94C2-A5A5A24D0E21}.Debug|x64.Deploy.0 = Debug|Any CPU
		{BCF29AD4-017A-4D88-94C2-A5A5A24D0E21}.Debug|x86.ActiveCfg = Debug|Any CPU
		{BCF29AD4-017A-4D88-94C2-A5A5A24D0E21}.Debug|x86.Build.0 = Debug|Any CPU
		{BCF29AD4-017A-4D88-94C2-A5A5A24D0E21}.Debug|x86.Deploy.0 = Debug|Any CPU
		{BCF29AD4-017A-4D88-94C2-A5A5A24D0E21}.Release|Any CPU.ActiveCfg = Release|Any CPU
		{BCF29AD4-017A-4D88-94C2-A5A5A24D0E21}.Release|Any CPU.Build.0 = Release|Any CPU
		{BCF29AD4-017A-4D88-94C2-A5A5A24D0E21}.Release|Any CPU.Deploy.0 = Release|Any CPU
		{BCF29AD4-017A-4D88-94C2-A5A5A24D0E21}.Release|ARM.ActiveCfg = Release|Any CPU
		{BCF29AD4-017A-4D88-94C2-A5A5A24D0E21}.Release|ARM.Build.0 = Release|Any CPU
		{BCF29AD4-017A-4D88-94C2-A5A5A24D0E21}.Release|ARM.Deploy.0 = Release|Any CPU
		{BCF29AD4-017A-4D88-94C2-A5A5A24D0E21}.Release|iPhone.ActiveCfg = Release|Any CPU
		{BCF29AD4-017A-4D88-94C2-A5A5A24D0E21}.Release|iPhone.Build.0 = Release|Any CPU
		{BCF29AD4-017A-4D88-94C2-A5A5A24D0E21}.Release|iPhone.Deploy.0 = Release|Any CPU
		{BCF29AD4-017A-4D88-94C2-A5A5A24D0E21}.Release|iPhoneSimulator.ActiveCfg = Release|Any CPU
		{BCF29AD4-017A-4D88-94C2-A5A5A24D0E21}.Release|iPhoneSimulator.Build.0 = Release|Any CPU
		{BCF29AD4-017A-4D88-94C2-A5A5A24D0E21}.Release|iPhoneSimulator.Deploy.0 = Release|Any CPU
		{BCF29AD4-017A-4D88-94C2-A5A5A24D0E21}.Release|x64.ActiveCfg = Release|Any CPU
		{BCF29AD4-017A-4D88-94C2-A5A5A24D0E21}.Release|x64.Build.0 = Release|Any CPU
		{BCF29AD4-017A-4D88-94C2-A5A5A24D0E21}.Release|x64.Deploy.0 = Release|Any CPU
		{BCF29AD4-017A-4D88-94C2-A5A5A24D0E21}.Release|x86.ActiveCfg = Release|Any CPU
		{BCF29AD4-017A-4D88-94C2-A5A5A24D0E21}.Release|x86.Build.0 = Release|Any CPU
		{BCF29AD4-017A-4D88-94C2-A5A5A24D0E21}.Release|x86.Deploy.0 = Release|Any CPU
	EndGlobalSection
	GlobalSection(SolutionProperties) = preSolution
		HideSolutionNode = FALSE
	EndGlobalSection
	GlobalSection(ExtensibilityGlobals) = postSolution
		SolutionGuid = {2A0291FD-D214-423A-96A5-352511DF3763}
	EndGlobalSection
EndGlobal
